
Microsoft Visual Studio Solution File, Format Version 12.00
# Visual Studio Version 16
VisualStudioVersion = 16.0.30517.126
MinimumVisualStudioVersion = 10.0.40219.1
Project("{FAE04EC0-301F-11D3-BF4B-00C04F79EFBC}") = "VacationBudgetPlanner2", "VacationBudgetPlanner2\VacationBudgetPlanner2.csproj", "{88C4D50F-D784-4BD9-9509-603DA208CFA4}"
EndProject
Global
	GlobalSection(SolutionConfigurationPlatforms) = preSolution
		Debug|Any CPU = Debug|Any CPU
		Release|Any CPU = Release|Any CPU
	EndGlobalSection
	GlobalSection(ProjectConfigurationPlatforms) = postSolution
		{88C4D50F-D784-4BD9-9509-603DA208CFA4}.Debug|Any CPU.ActiveCfg = Debug|Any CPU
		{88C4D50F-D784-4BD9-9509-603DA208CFA4}.Debug|Any CPU.Build.0 = Debug|Any CPU
		{88C4D50F-D784-4BD9-9509-603DA208CFA4}.Release|Any CPU.ActiveCfg = Release|Any CPU
		{88C4D50F-D784-4BD9-9509-603DA208CFA4}.Release|Any CPU.Build.0 = Release|Any CPU
	EndGlobalSection
	GlobalSection(SolutionProperties) = preSolution
		HideSolutionNode = FALSE
	EndGlobalSection
	GlobalSection(ExtensibilityGlobals) = postSolution
		SolutionGuid = {13698AF8-7629-4BB3-B3F8-F00FEF9500DF}
	EndGlobalSection
EndGlobal
